
Microsoft Visual Studio Solution File, Format Version 12.00
# Visual Studio Version 17
VisualStudioVersion = 17.5.33530.505
MinimumVisualStudioVersion = 10.0.40219.1
Project("{9A19103F-16F7-4668-BE54-9A1E7A4F7556}") = "00. Algorithm", "00. Algorithm\00. Algorithm.csproj", "{B6AB8FA9-1CE1-4555-A9E8-D1496302071D}"
EndProject
Project("{9A19103F-16F7-4668-BE54-9A1E7A4F7556}") = "01. List", "01. List\01. List.csproj", "{28AD3764-31AE-470A-9077-259EA9648F39}"
EndProject
Project("{9A19103F-16F7-4668-BE54-9A1E7A4F7556}") = "02. LinkedList", "02. LinkedList\02. LinkedList.csproj", "{1FC9D1BF-FC02-49B2-9078-877FD47A57EA}"
EndProject
Project("{9A19103F-16F7-4668-BE54-9A1E7A4F7556}") = "03. Interator", "03. Interator\03. Interator.csproj", "{B2942627-4A40-4D30-A278-C310ACA02BC7}"
EndProject
Project("{9A19103F-16F7-4668-BE54-9A1E7A4F7556}") = "04. Stack", "04. Stack\04. Stack.csproj", "{E5E68EF0-6D0C-48D8-AAC5-A3B2F2E43FC2}"
EndProject
Project("{9A19103F-16F7-4668-BE54-9A1E7A4F7556}") = "05. Queue", "05. Queue\05. Queue.csproj", "{504666F2-8F86-4286-9E6E-F1061DE9B33C}"
EndProject
Project("{9A19103F-16F7-4668-BE54-9A1E7A4F7556}") = "06. Heap", "06. Heap\06. Heap.csproj", "{8DD916F9-3AB3-439F-A54F-C00C2D36F99C}"
EndProject
Project("{9A19103F-16F7-4668-BE54-9A1E7A4F7556}") = "07. BinarySearchTree", "07. BinarySearchTree\07. BinarySearchTree.csproj", "{F4623DE6-9624-4B8E-BBDE-00C526A15EAF}"
EndProject
Project("{9A19103F-16F7-4668-BE54-9A1E7A4F7556}") = "08. HashTable", "08. HashTable\08. HashTable.csproj", "{F5989078-D355-48AB-996A-112959E8E200}"
EndProject
Project("{9A19103F-16F7-4668-BE54-9A1E7A4F7556}") = "09. DesignTechnique", "09. DesignTechnique\09. DesignTechnique.csproj", "{B3165AAE-D67A-45E4-9993-6B10244E744E}"
EndProject
Project("{9A19103F-16F7-4668-BE54-9A1E7A4F7556}") = "test", "test\test.csproj", "{20835DA3-821C-44B2-AAAE-0FF769EA72B0}"
EndProject
Project("{9A19103F-16F7-4668-BE54-9A1E7A4F7556}") = "TT2", "TT2\TT2.csproj", "{95529637-7734-4B94-8231-A58C785F8F80}"
EndProject
Project("{9A19103F-16F7-4668-BE54-9A1E7A4F7556}") = "10. Sorting", "10. Sorting\10. Sorting.csproj", "{E02DB631-3D8A-4CE4-8DAF-6088E21A4290}"
EndProject
Project("{9A19103F-16F7-4668-BE54-9A1E7A4F7556}") = "11. Searching", "11. Searching\11. Searching.csproj", "{3F1A2014-DAE3-489D-B3A3-AD13F17AA2F6}"
EndProject
Project("{9A19103F-16F7-4668-BE54-9A1E7A4F7556}") = "12. ShortestPath", "12. ShortestPath\12. ShortestPath.csproj", "{604A8282-4F18-4C63-BB39-7374131ED14B}"
EndProject
Project("{9A19103F-16F7-4668-BE54-9A1E7A4F7556}") = "13. PathFinding", "13. PathFinding\13. PathFinding.csproj", "{F346C55D-C4C6-4C5F-BC5C-8EE66108235A}"
EndProject
Project("{FAE04EC0-301F-11D3-BF4B-00C04F79EFBC}") = "Project TextRPG", "Project TextRPG\Project TextRPG.csproj", "{20A75A75-C77E-485D-9C35-2DAD473CCBB3}"
EndProject
Global
	GlobalSection(SolutionConfigurationPlatforms) = preSolution
		Debug|Any CPU = Debug|Any CPU
		Release|Any CPU = Release|Any CPU
	EndGlobalSection
	GlobalSection(ProjectConfigurationPlatforms) = postSolution
		{B6AB8FA9-1CE1-4555-A9E8-D1496302071D}.Debug|Any CPU.ActiveCfg = Debug|Any CPU
		{B6AB8FA9-1CE1-4555-A9E8-D1496302071D}.Debug|Any CPU.Build.0 = Debug|Any CPU
		{B6AB8FA9-1CE1-4555-A9E8-D1496302071D}.Release|Any CPU.ActiveCfg = Release|Any CPU
		{B6AB8FA9-1CE1-4555-A9E8-D1496302071D}.Release|Any CPU.Build.0 = Release|Any CPU
		{28AD3764-31AE-470A-9077-259EA9648F39}.Debug|Any CPU.ActiveCfg = Debug|Any CPU
		{28AD3764-31AE-470A-9077-259EA9648F39}.Debug|Any CPU.Build.0 = Debug|Any CPU
		{28AD3764-31AE-470A-9077-259EA9648F39}.Release|Any CPU.ActiveCfg = Release|Any CPU
		{28AD3764-31AE-470A-9077-259EA9648F39}.Release|Any CPU.Build.0 = Release|Any CPU
		{1FC9D1BF-FC02-49B2-9078-877FD47A57EA}.Debug|Any CPU.ActiveCfg = Debug|Any CPU
		{1FC9D1BF-FC02-49B2-9078-877FD47A57EA}.Debug|Any CPU.Build.0 = Debug|Any CPU
		{1FC9D1BF-FC02-49B2-9078-877FD47A57EA}.Release|Any CPU.ActiveCfg = Release|Any CPU
		{1FC9D1BF-FC02-49B2-9078-877FD47A57EA}.Release|Any CPU.Build.0 = Release|Any CPU
		{B2942627-4A40-4D30-A278-C310ACA02BC7}.Debug|Any CPU.ActiveCfg = Debug|Any CPU
		{B2942627-4A40-4D30-A278-C310ACA02BC7}.Debug|Any CPU.Build.0 = Debug|Any CPU
		{B2942627-4A40-4D30-A278-C310ACA02BC7}.Release|Any CPU.ActiveCfg = Release|Any CPU
		{B2942627-4A40-4D30-A278-C310ACA02BC7}.Release|Any CPU.Build.0 = Release|Any CPU
		{E5E68EF0-6D0C-48D8-AAC5-A3B2F2E43FC2}.Debug|Any CPU.ActiveCfg = Debug|Any CPU
		{E5E68EF0-6D0C-48D8-AAC5-A3B2F2E43FC2}.Debug|Any CPU.Build.0 = Debug|Any CPU
		{E5E68EF0-6D0C-48D8-AAC5-A3B2F2E43FC2}.Release|Any CPU.ActiveCfg = Release|Any CPU
		{E5E68EF0-6D0C-48D8-AAC5-A3B2F2E43FC2}.Release|Any CPU.Build.0 = Release|Any CPU
		{504666F2-8F86-4286-9E6E-F1061DE9B33C}.Debug|Any CPU.ActiveCfg = Debug|Any CPU
		{504666F2-8F86-4286-9E6E-F1061DE9B33C}.Debug|Any CPU.Build.0 = Debug|Any CPU
		{504666F2-8F86-4286-9E6E-F1061DE9B33C}.Release|Any CPU.ActiveCfg = Release|Any CPU
		{504666F2-8F86-4286-9E6E-F1061DE9B33C}.Release|Any CPU.Build.0 = Release|Any CPU
		{8DD916F9-3AB3-439F-A54F-C00C2D36F99C}.Debug|Any CPU.ActiveCfg = Debug|Any CPU
		{8DD916F9-3AB3-439F-A54F-C00C2D36F99C}.Debug|Any CPU.Build.0 = Debug|Any CPU
		{8DD916F9-3AB3-439F-A54F-C00C2D36F99C}.Release|Any CPU.ActiveCfg = Release|Any CPU
		{8DD916F9-3AB3-439F-A54F-C00C2D36F99C}.Release|Any CPU.Build.0 = Release|Any CPU
		{F4623DE6-9624-4B8E-BBDE-00C526A15EAF}.Debug|Any CPU.ActiveCfg = Debug|Any CPU
		{F4623DE6-9624-4B8E-BBDE-00C526A15EAF}.Debug|Any CPU.Build.0 = Debug|Any CPU
		{F4623DE6-9624-4B8E-BBDE-00C526A15EAF}.Release|Any CPU.ActiveCfg = Release|Any CPU
		{F4623DE6-9624-4B8E-BBDE-00C526A15EAF}.Release|Any CPU.Build.0 = Release|Any CPU
		{F5989078-D355-48AB-996A-112959E8E200}.Debug|Any CPU.ActiveCfg = Debug|Any CPU
		{F5989078-D355-48AB-996A-112959E8E200}.Debug|Any CPU.Build.0 = Debug|Any CPU
		{F5989078-D355-48AB-996A-112959E8E200}.Release|Any CPU.ActiveCfg = Release|Any CPU
		{F5989078-D355-48AB-996A-112959E8E200}.Release|Any CPU.Build.0 = Release|Any CPU
		{B3165AAE-D67A-45E4-9993-6B10244E744E}.Debug|Any CPU.ActiveCfg = Debug|Any CPU
		{B3165AAE-D67A-45E4-9993-6B10244E744E}.Debug|Any CPU.Build.0 = Debug|Any CPU
		{B3165AAE-D67A-45E4-9993-6B10244E744E}.Release|Any CPU.ActiveCfg = Release|Any CPU
		{B3165AAE-D67A-45E4-9993-6B10244E744E}.Release|Any CPU.Build.0 = Release|Any CPU
		{20835DA3-821C-44B2-AAAE-0FF769EA72B0}.Debug|Any CPU.ActiveCfg = Debug|Any CPU
		{20835DA3-821C-44B2-AAAE-0FF769EA72B0}.Debug|Any CPU.Build.0 = Debug|Any CPU
		{20835DA3-821C-44B2-AAAE-0FF769EA72B0}.Release|Any CPU.ActiveCfg = Release|Any CPU
		{20835DA3-821C-44B2-AAAE-0FF769EA72B0}.Release|Any CPU.Build.0 = Release|Any CPU
		{95529637-7734-4B94-8231-A58C785F8F80}.Debug|Any CPU.ActiveCfg = Debug|Any CPU
		{95529637-7734-4B94-8231-A58C785F8F80}.Debug|Any CPU.Build.0 = Debug|Any CPU
		{95529637-7734-4B94-8231-A58C785F8F80}.Release|Any CPU.ActiveCfg = Release|Any CPU
		{95529637-7734-4B94-8231-A58C785F8F80}.Release|Any CPU.Build.0 = Release|Any CPU
		{E02DB631-3D8A-4CE4-8DAF-6088E21A4290}.Debug|Any CPU.ActiveCfg = Debug|Any CPU
		{E02DB631-3D8A-4CE4-8DAF-6088E21A4290}.Debug|Any CPU.Build.0 = Debug|Any CPU
		{E02DB631-3D8A-4CE4-8DAF-6088E21A4290}.Release|Any CPU.ActiveCfg = Release|Any CPU
		{E02DB631-3D8A-4CE4-8DAF-6088E21A4290}.Release|Any CPU.Build.0 = Release|Any CPU
		{3F1A2014-DAE3-489D-B3A3-AD13F17AA2F6}.Debug|Any CPU.ActiveCfg = Debug|Any CPU
		{3F1A2014-DAE3-489D-B3A3-AD13F17AA2F6}.Debug|Any CPU.Build.0 = Debug|Any CPU
		{3F1A2014-DAE3-489D-B3A3-AD13F17AA2F6}.Release|Any CPU.ActiveCfg = Release|Any CPU
		{3F1A2014-DAE3-489D-B3A3-AD13F17AA2F6}.Release|Any CPU.Build.0 = Release|Any CPU
		{604A8282-4F18-4C63-BB39-7374131ED14B}.Debug|Any CPU.ActiveCfg = Debug|Any CPU
		{604A8282-4F18-4C63-BB39-7374131ED14B}.Debug|Any CPU.Build.0 = Debug|Any CPU
		{604A8282-4F18-4C63-BB39-7374131ED14B}.Release|Any CPU.ActiveCfg = Release|Any CPU
		{604A8282-4F18-4C63-BB39-7374131ED14B}.Release|Any CPU.Build.0 = Release|Any CPU
		{F346C55D-C4C6-4C5F-BC5C-8EE66108235A}.Debug|Any CPU.ActiveCfg = Debug|Any CPU
		{F346C55D-C4C6-4C5F-BC5C-8EE66108235A}.Debug|Any CPU.Build.0 = Debug|Any CPU
		{F346C55D-C4C6-4C5F-BC5C-8EE66108235A}.Release|Any CPU.ActiveCfg = Release|Any CPU
		{F346C55D-C4C6-4C5F-BC5C-8EE66108235A}.Release|Any CPU.Build.0 = Release|Any CPU
		{20A75A75-C77E-485D-9C35-2DAD473CCBB3}.Debug|Any CPU.ActiveCfg = Debug|Any CPU
		{20A75A75-C77E-485D-9C35-2DAD473CCBB3}.Debug|Any CPU.Build.0 = Debug|Any CPU
		{20A75A75-C77E-485D-9C35-2DAD473CCBB3}.Release|Any CPU.ActiveCfg = Release|Any CPU
		{20A75A75-C77E-485D-9C35-2DAD473CCBB3}.Release|Any CPU.Build.0 = Release|Any CPU
	EndGlobalSection
	GlobalSection(SolutionProperties) = preSolution
		HideSolutionNode = FALSE
	EndGlobalSection
	GlobalSection(ExtensibilityGlobals) = postSolution
		SolutionGuid = {FAB63ABD-9D14-4547-8F9F-305FC949AB96}
	EndGlobalSection
EndGlobal
